
Microsoft Visual Studio Solution File, Format Version 12.00
# Visual Studio 15
Project("{FAE04EC0-301F-11D3-BF4B-00C04F79EFBC}") = "GraphTheory", "GraphTheory\GraphTheory.csproj", "{9DC9D0C0-3AC3-4543-BCA8-89298CBCD3AA}"
EndProject
Global
	GlobalSection(SolutionConfigurationPlatforms) = preSolution
		Debug|Any CPU = Debug|Any CPU
		Release|Any CPU = Release|Any CPU
	EndGlobalSection
	GlobalSection(ProjectConfigurationPlatforms) = postSolution
		{9DC9D0C0-3AC3-4543-BCA8-89298CBCD3AA}.Debug|Any CPU.ActiveCfg = Debug|Any CPU
		{9DC9D0C0-3AC3-4543-BCA8-89298CBCD3AA}.Debug|Any CPU.Build.0 = Debug|Any CPU
		{9DC9D0C0-3AC3-4543-BCA8-89298CBCD3AA}.Release|Any CPU.ActiveCfg = Release|Any CPU
		{9DC9D0C0-3AC3-4543-BCA8-89298CBCD3AA}.Release|Any CPU.Build.0 = Release|Any CPU
	EndGlobalSection
EndGlobal
